{
  "name": "@anatolijlaptev1991/precision-planning",
  "version": "1.0.6",
  "lockfileVersion": 3,
  "requires": true,
  "packages": {
    "": {
      "name": "@anatolijlaptev1991/precision-planning",
      "version": "1.0.6",
      "license": "MIT",
      "bin": {
        "precision-planning": "bin/precision-planning.js"
      },
      "engines": {
        "node": ">=18"
      }
    }
  }
}
